
Microsoft Visual Studio Solution File, Format Version 12.00
# Visual Studio Version 17
VisualStudioVersion = 17.9.34723.18
MinimumVisualStudioVersion = 10.0.40219.1
Project("{9A19103F-16F7-4668-BE54-9A1E7A4F7556}") = "ParserCombinatorLib", "ParserCombinatorLib.csproj", "{1944F410-9E8D-4247-AB79-2CD553088E7C}"
EndProject
Project("{9A19103F-16F7-4668-BE54-9A1E7A4F7556}") = "ParserCombinatorLib.Playground", "..\Playground\ParserCombinatorLib.Playground.csproj", "{C77DF79C-6FF5-476A-80D6-FE1E252C26FC}"
EndProject
Project("{9A19103F-16F7-4668-BE54-9A1E7A4F7556}") = "ParserCombinatorLib.JsonParser", "..\JsonParser\ParserCombinatorLib.JsonParser.csproj", "{8B4F0694-3C67-4557-AFD5-EBBA5E9B8FB1}"
EndProject
Global
	GlobalSection(SolutionConfigurationPlatforms) = preSolution
		Debug|Any CPU = Debug|Any CPU
		Release|Any CPU = Release|Any CPU
	EndGlobalSection
	GlobalSection(ProjectConfigurationPlatforms) = postSolution
		{1944F410-9E8D-4247-AB79-2CD553088E7C}.Debug|Any CPU.ActiveCfg = Debug|Any CPU
		{1944F410-9E8D-4247-AB79-2CD553088E7C}.Debug|Any CPU.Build.0 = Debug|Any CPU
		{1944F410-9E8D-4247-AB79-2CD553088E7C}.Release|Any CPU.ActiveCfg = Release|Any CPU
		{1944F410-9E8D-4247-AB79-2CD553088E7C}.Release|Any CPU.Build.0 = Release|Any CPU
		{C77DF79C-6FF5-476A-80D6-FE1E252C26FC}.Debug|Any CPU.ActiveCfg = Debug|Any CPU
		{C77DF79C-6FF5-476A-80D6-FE1E252C26FC}.Debug|Any CPU.Build.0 = Debug|Any CPU
		{C77DF79C-6FF5-476A-80D6-FE1E252C26FC}.Release|Any CPU.ActiveCfg = Release|Any CPU
		{C77DF79C-6FF5-476A-80D6-FE1E252C26FC}.Release|Any CPU.Build.0 = Release|Any CPU
		{8B4F0694-3C67-4557-AFD5-EBBA5E9B8FB1}.Debug|Any CPU.ActiveCfg = Debug|Any CPU
		{8B4F0694-3C67-4557-AFD5-EBBA5E9B8FB1}.Debug|Any CPU.Build.0 = Debug|Any CPU
		{8B4F0694-3C67-4557-AFD5-EBBA5E9B8FB1}.Release|Any CPU.ActiveCfg = Release|Any CPU
		{8B4F0694-3C67-4557-AFD5-EBBA5E9B8FB1}.Release|Any CPU.Build.0 = Release|Any CPU
	EndGlobalSection
	GlobalSection(SolutionProperties) = preSolution
		HideSolutionNode = FALSE
	EndGlobalSection
	GlobalSection(ExtensibilityGlobals) = postSolution
		SolutionGuid = {2DC1FF46-E1A4-4A47-9673-3105FF33435B}
	EndGlobalSection
EndGlobal
