
Microsoft Visual Studio Solution File, Format Version 12.00
# Visual Studio Version 17
VisualStudioVersion = 17.9.34723.18
MinimumVisualStudioVersion = 10.0.40219.1
Project("{9A19103F-16F7-4668-BE54-9A1E7A4F7556}") = "ParserCombinatorLib", "ParserCombinatorLib\ParserCombinatorLib.csproj", "{D7DA5ED7-73FF-4B1E-B856-81E474FABC4E}"
EndProject
Project("{9A19103F-16F7-4668-BE54-9A1E7A4F7556}") = "ParserCombinatorLib.Playground", "Playground\ParserCombinatorLib.Playground.csproj", "{B3832AD4-5CCD-45EF-81D8-34D5F7967396}"
EndProject
Project("{9A19103F-16F7-4668-BE54-9A1E7A4F7556}") = "ParserCombinatorLib.JsonParser", "JsonParser\ParserCombinatorLib.JsonParser.csproj", "{70D87C34-6FA7-4CC5-8F33-94A528F9824A}"
EndProject
Project("{FAE04EC0-301F-11D3-BF4B-00C04F79EFBC}") = "ParserCombinatorLib.JsonParser.Tests", "..\Tests\ParserCombinatorLib.JsonParser.Tests.csproj", "{6E264781-5DE6-4B3F-8944-DD0B9F4D54E8}"
EndProject
Global
	GlobalSection(SolutionConfigurationPlatforms) = preSolution
		Debug|Any CPU = Debug|Any CPU
		Release|Any CPU = Release|Any CPU
	EndGlobalSection
	GlobalSection(ProjectConfigurationPlatforms) = postSolution
		{D7DA5ED7-73FF-4B1E-B856-81E474FABC4E}.Debug|Any CPU.ActiveCfg = Debug|Any CPU
		{D7DA5ED7-73FF-4B1E-B856-81E474FABC4E}.Debug|Any CPU.Build.0 = Debug|Any CPU
		{D7DA5ED7-73FF-4B1E-B856-81E474FABC4E}.Release|Any CPU.ActiveCfg = Release|Any CPU
		{D7DA5ED7-73FF-4B1E-B856-81E474FABC4E}.Release|Any CPU.Build.0 = Release|Any CPU
		{B3832AD4-5CCD-45EF-81D8-34D5F7967396}.Debug|Any CPU.ActiveCfg = Debug|Any CPU
		{B3832AD4-5CCD-45EF-81D8-34D5F7967396}.Debug|Any CPU.Build.0 = Debug|Any CPU
		{B3832AD4-5CCD-45EF-81D8-34D5F7967396}.Release|Any CPU.ActiveCfg = Release|Any CPU
		{B3832AD4-5CCD-45EF-81D8-34D5F7967396}.Release|Any CPU.Build.0 = Release|Any CPU
		{70D87C34-6FA7-4CC5-8F33-94A528F9824A}.Debug|Any CPU.ActiveCfg = Debug|Any CPU
		{70D87C34-6FA7-4CC5-8F33-94A528F9824A}.Debug|Any CPU.Build.0 = Debug|Any CPU
		{70D87C34-6FA7-4CC5-8F33-94A528F9824A}.Release|Any CPU.ActiveCfg = Release|Any CPU
		{70D87C34-6FA7-4CC5-8F33-94A528F9824A}.Release|Any CPU.Build.0 = Release|Any CPU
		{6E264781-5DE6-4B3F-8944-DD0B9F4D54E8}.Debug|Any CPU.ActiveCfg = Debug|Any CPU
		{6E264781-5DE6-4B3F-8944-DD0B9F4D54E8}.Debug|Any CPU.Build.0 = Debug|Any CPU
		{6E264781-5DE6-4B3F-8944-DD0B9F4D54E8}.Release|Any CPU.ActiveCfg = Release|Any CPU
		{6E264781-5DE6-4B3F-8944-DD0B9F4D54E8}.Release|Any CPU.Build.0 = Release|Any CPU
	EndGlobalSection
	GlobalSection(SolutionProperties) = preSolution
		HideSolutionNode = FALSE
	EndGlobalSection
	GlobalSection(ExtensibilityGlobals) = postSolution
		SolutionGuid = {2DC1FF46-E1A4-4A47-9673-3105FF33435B}
	EndGlobalSection
EndGlobal
